<?xml version="1.0" encoding="utf-8"?>
<Project ToolsVersion="4.0" xmlns="http://schemas.microsoft.com/developer/msbuild/2003">
  <ItemGroup>
    <Filter Include="Source files">
      <UniqueIdentifier>{935f9218-92b6-4b88-960a-8b348306278f}</UniqueIdentifier>
      <Extensions>cpp;c;cc;cxx;def;odl;idl;hpj;bat;asm;asmx</Extensions>
    </Filter>
    <Filter Include="Header files">
      <UniqueIdentifier>{670b7e48-18ab-4f0d-ab36-87965b5f3ee8}</UniqueIdentifier>
      <Extensions>h;hpp;hxx;hm;inl;inc;xsd</Extensions>
    </Filter>
    <Filter Include="Resource files">
      <UniqueIdentifier>{6b0df07d-932f-4b94-a250-60dde205a572}</UniqueIdentifier>
      <Extensions>rc;ico;cur;bmp;dlg;rc2;rct;bin;rgs;gif;jpg;jpeg;jpe;resx;tiff;tif;png;wav</Extensions>
    </Filter>
    <Filter Include="Make files">
      <UniqueIdentifier>{56e64af7-467d-4d24-9f85-ad6ddc22f4fe}</UniqueIdentifier>
      <Extensions>*.mak</Extensions>
    </Filter>
  </ItemGroup>
  <ItemGroup>
    <ClCompile Include="..\..\jni\yftp\client_manager.cpp">
      <Filter>Source files</Filter>
    </ClCompile>
    <ClCompile Include="..\..\jni\yftp\client_node.cpp">
      <Filter>Source files</Filter>
    </ClCompile>
    <ClCompile Include="..\..\jni\yftp\common.cpp">
      <Filter>Source files</Filter>
    </ClCompile>
    <ClCompile Include="..\..\jni\yftp\connection.cpp">
      <Filter>Source files</Filter>
    </ClCompile>
    <ClCompile Include="..\..\jni\yftp\conversion.cpp">
      <Filter>Source files</Filter>
    </ClCompile>
    <ClCompile Include="..\..\jni\yftp\ftp_server.cpp">
      <Filter>Source files</Filter>
    </ClCompile>
    <ClCompile Include="..\..\jni\yftp\ftpserve_native.cpp">
      <Filter>Source files</Filter>
    </ClCompile>
    <ClCompile Include="..\..\jni\yftp\prebuild.cpp">
      <Filter>Source files</Filter>
    </ClCompile>
    <ClCompile Include="..\..\jni\yftp\reply.cpp">
      <Filter>Source files</Filter>
    </ClCompile>
    <ClCompile Include="..\..\jni\yftp\request_parser.cpp">
      <Filter>Source files</Filter>
    </ClCompile>
    <ClCompile Include="..\..\jni\yftp\server.cpp">
      <Filter>Source files</Filter>
    </ClCompile>
    <ClCompile Include="..\..\jni\yftp\user_manager.cpp">
      <Filter>Source files</Filter>
    </ClCompile>
    <ClCompile Include="..\..\jni\yftp\user_node.cpp">
      <Filter>Source files</Filter>
    </ClCompile>
    <ClCompile Include="..\..\jni\yftp\main.cpp">
      <Filter>Source files</Filter>
    </ClCompile>
  </ItemGroup>
  <ItemGroup>
    <None Include="..\..\jni\yftp\Makefile" />
    <None Include="..\..\jni\yftp\debug.mak">
      <Filter>Make files</Filter>
    </None>
    <None Include="..\..\jni\yftp\release.mak">
      <Filter>Make files</Filter>
    </None>
  </ItemGroup>
  <ItemGroup>
    <ClInclude Include="..\..\jni\yftp\error_code.h">
      <Filter>Source files</Filter>
    </ClInclude>
    <ClInclude Include="..\..\jni\yftp\common.h">
      <Filter>Header files</Filter>
    </ClInclude>
    <ClInclude Include="..\..\jni\yftp\client_node.h">
      <Filter>Header files</Filter>
    </ClInclude>
    <ClInclude Include="..\..\jni\yftp\client_manager.h">
      <Filter>Header files</Filter>
    </ClInclude>
    <ClInclude Include="..\..\jni\yftp\ftpserver_native.h">
      <Filter>Header files</Filter>
    </ClInclude>
    <ClInclude Include="..\..\jni\yftp\ftp_server.h">
      <Filter>Header files</Filter>
    </ClInclude>
    <ClInclude Include="..\..\jni\yftp\user_node.h">
      <Filter>Header files</Filter>
    </ClInclude>
    <ClInclude Include="..\..\jni\yftp\user_manager.h">
      <Filter>Header files</Filter>
    </ClInclude>
    <ClInclude Include="..\..\jni\yftp\conversion.h">
      <Filter>Header files</Filter>
    </ClInclude>
    <ClInclude Include="..\..\jni\yftp\stdafx.h">
      <Filter>Header files</Filter>
    </ClInclude>
    <ClInclude Include="..\..\jni\yftp\connection.h">
      <Filter>Header files</Filter>
    </ClInclude>
    <ClInclude Include="..\..\jni\yftp\reply.h">
      <Filter>Header files</Filter>
    </ClInclude>
    <ClInclude Include="..\..\jni\yftp\server.h">
      <Filter>Header files</Filter>
    </ClInclude>
  </ItemGroup>
</Project>